// !$*UTF8*$!
{
	archiveVersion = 1;
	classes = {
	};
	objectVersion = 46;
	objects = {

/* Begin PBXBuildFile section */
		4DDE71CC194D341700AF1FC6 /* UIKit.framework in Frameworks */ = {isa = PBXBuildFile; fileRef = 4DDE71CB194D341700AF1FC6 /* UIKit.framework */; };
		4DDE71CE194D341700AF1FC6 /* Foundation.framework in Frameworks */ = {isa = PBXBuildFile; fileRef = 4DDE71CD194D341700AF1FC6 /* Foundation.framework */; };
		4DDE71D0194D341700AF1FC6 /* CoreGraphics.framework in Frameworks */ = {isa = PBXBuildFile; fileRef = 4DDE71CF194D341700AF1FC6 /* CoreGraphics.framework */; };
		4DDE71D6194D341700AF1FC6 /* InfoPlist.strings in Resources */ = {isa = PBXBuildFile; fileRef = 4DDE71D4194D341700AF1FC6 /* InfoPlist.strings */; };
		4DDE71D8194D341700AF1FC6 /* main.m in Sources */ = {isa = PBXBuildFile; fileRef = 4DDE71D7194D341700AF1FC6 /* main.m */; };
		4DDE71DC194D341700AF1FC6 /* AppDelegate.m in Sources */ = {isa = PBXBuildFile; fileRef = 4DDE71DB194D341700AF1FC6 /* AppDelegate.m */; };
		4DDE71DE194D341700AF1FC6 /* Default.png in Resources */ = {isa = PBXBuildFile; fileRef = 4DDE71DD194D341700AF1FC6 /* Default.png */; };
		4DDE71E0194D341700AF1FC6 /* Default@2x.png in Resources */ = {isa = PBXBuildFile; fileRef = 4DDE71DF194D341700AF1FC6 /* Default@2x.png */; };
		4DDE71E2194D341700AF1FC6 /* Default-568h@2x.png in Resources */ = {isa = PBXBuildFile; fileRef = 4DDE71E1194D341700AF1FC6 /* Default-568h@2x.png */; };
		4DDE71E5194D341700AF1FC6 /* MainStoryboard.storyboard in Resources */ = {isa = PBXBuildFile; fileRef = 4DDE71E3194D341700AF1FC6 /* MainStoryboard.storyboard */; };
		4DDE71E8194D341700AF1FC6 /* ViewController.m in Sources */ = {isa = PBXBuildFile; fileRef = 4DDE71E7194D341700AF1FC6 /* ViewController.m */; };
/* End PBXBuildFile section */

/* Begin PBXFileReference section */
		4DDE71C8194D341700AF1FC6 /* git_xcode.app */ = {isa = PBXFileReference; explicitFileType = wrapper.application; includeInIndex = 0; path = git_xcode.app; sourceTree = BUILT_PRODUCTS_DIR; };
		4DDE71CB194D341700AF1FC6 /* UIKit.framework */ = {isa = PBXFileReference; lastKnownFileType = wrapper.framework; name = UIKit.framework; path = System/Library/Frameworks/UIKit.framework; sourceTree = SDKROOT; };
		4DDE71CD194D341700AF1FC6 /* Foundation.framework */ = {isa = PBXFileReference; lastKnownFileType = wrapper.framework; name = Foundation.framework; path = System/Library/Frameworks/Foundation.framework; sourceTree = SDKROOT; };
		4DDE71CF194D341700AF1FC6 /* CoreGraphics.framework */ = {isa = PBXFileReference; lastKnownFileType = wrapper.framework; name = CoreGraphics.framework; path = System/Library/Frameworks/CoreGraphics.framework; sourceTree = SDKROOT; };
		4DDE71D3194D341700AF1FC6 /* git_xcode-Info.plist */ = {isa = PBXFileReference; lastKnownFileType = text.plist.xml; path = "git_xcode-Info.plist"; sourceTree = "<group>"; };
		4DDE71D5194D341700AF1FC6 /* en */ = {isa = PBXFileReference; lastKnownFileType = text.plist.strings; name = en; path = en.lproj/InfoPlist.strings; sourceTree = "<group>"; };
		4DDE71D7194D341700AF1FC6 /* main.m */ = {isa = PBXFileReference; lastKnownFileType = sourcecode.c.objc; path = main.m; sourceTree = "<group>"; };
		4DDE71D9194D341700AF1FC6 /* git_xcode-Prefix.pch */ = {isa = PBXFileReference; lastKnownFileType = sourcecode.c.h; path = "git_xcode-Prefix.pch"; sourceTree = "<group>"; };
		4DDE71DA194D341700AF1FC6 /* AppDelegate.h */ = {isa = PBXFileReference; lastKnownFileType = sourcecode.c.h; path = AppDelegate.h; sourceTree = "<group>"; };
		4DDE71DB194D341700AF1FC6 /* AppDelegate.m */ = {isa = PBXFileReference; lastKnownFileType = sourcecode.c.objc; path = AppDelegate.m; sourceTree = "<group>"; };
		4DDE71DD194D341700AF1FC6 /* Default.png */ = {isa = PBXFileReference; lastKnownFileType = image.png; path = Default.png; sourceTree = "<group>"; };
		4DDE71DF194D341700AF1FC6 /* Default@2x.png */ = {isa = PBXFileReference; lastKnownFileType = image.png; path = "Default@2x.png"; sourceTree = "<group>"; };
		4DDE71E1194D341700AF1FC6 /* Default-568h@2x.png */ = {isa = PBXFileReference; lastKnownFileType = image.png; path = "Default-568h@2x.png"; sourceTree = "<group>"; };
		4DDE71E4194D341700AF1FC6 /* en */ = {isa = PBXFileReference; lastKnownFileType = file.storyboard; name = en; path = en.lproj/MainStoryboard.storyboard; sourceTree = "<group>"; };
		4DDE71E6194D341700AF1FC6 /* ViewController.h */ = {isa = PBXFileReference; lastKnownFileType = sourcecode.c.h; path = ViewController.h; sourceTree = "<group>"; };
		4DDE71E7194D341700AF1FC6 /* ViewController.m */ = {isa = PBXFileReference; lastKnownFileType = sourcecode.c.objc; path = ViewController.m; sourceTree = "<group>"; };
/* End PBXFileReference section */

/* Begin PBXFrameworksBuildPhase section */
		4DDE71C5194D341700AF1FC6 /* Frameworks */ = {
			isa = PBXFrameworksBuildPhase;
			buildActionMask = 2147483647;
			files = (
				4DDE71CC194D341700AF1FC6 /* UIKit.framework in Frameworks */,
				4DDE71CE194D341700AF1FC6 /* Foundation.framework in Frameworks */,
				4DDE71D0194D341700AF1FC6 /* CoreGraphics.framework in Frameworks */,
			);
			runOnlyForDeploymentPostprocessing = 0;
		};
/* End PBXFrameworksBuildPhase section */

/* Begin PBXGroup section */
		4DDE71BF194D341700AF1FC6 = {
			isa = PBXGroup;
			children = (
				4DDE71D1194D341700AF1FC6 /* git_xcode */,
				4DDE71CA194D341700AF1FC6 /* Frameworks */,
				4DDE71C9194D341700AF1FC6 /* Products */,
			);
			sourceTree = "<group>";
		};
		4DDE71C9194D341700AF1FC6 /* Products */ = {
			isa = PBXGroup;
			children = (
				4DDE71C8194D341700AF1FC6 /* git_xcode.app */,
			);
			name = Products;
			sourceTree = "<group>";
		};
		4DDE71CA194D341700AF1FC6 /* Frameworks */ = {
			isa = PBXGroup;
			children = (
				4DDE71CB194D341700AF1FC6 /* UIKit.framework */,
				4DDE71CD194D341700AF1FC6 /* Foundation.framework */,
				4DDE71CF194D341700AF1FC6 /* CoreGraphics.framework */,
			);
			name = Frameworks;
			sourceTree = "<group>";
		};
		4DDE71D1194D341700AF1FC6 /* git_xcode */ = {
			isa = PBXGroup;
			children = (
				4DDE71DA194D341700AF1FC6 /* AppDelegate.h */,
				4DDE71DB194D341700AF1FC6 /* AppDelegate.m */,
				4DDE71E3194D341700AF1FC6 /* MainStoryboard.storyboard */,
				4DDE71E6194D341700AF1FC6 /* ViewController.h */,
				4DDE71E7194D341700AF1FC6 /* ViewController.m */,
				4DDE71D2194D341700AF1FC6 /* Supporting Files */,
			);
			path = git_xcode;
			sourceTree = "<group>";
		};
		4DDE71D2194D341700AF1FC6 /* Supporting Files */ = {
			isa = PBXGroup;
			children = (
				4DDE71D3194D341700AF1FC6 /* git_xcode-Info.plist */,
				4DDE71D4194D341700AF1FC6 /* InfoPlist.strings */,
				4DDE71D7194D341700AF1FC6 /* main.m */,
				4DDE71D9194D341700AF1FC6 /* git_xcode-Prefix.pch */,
				4DDE71DD194D341700AF1FC6 /* Default.png */,
				4DDE71DF194D341700AF1FC6 /* Default@2x.png */,
				4DDE71E1194D341700AF1FC6 /* Default-568h@2x.png */,
			);
			name = "Supporting Files";
			sourceTree = "<group>";
		};
/* End PBXGroup section */

/* Begin PBXNativeTarget section */
		4DDE71C7194D341700AF1FC6 /* git_xcode */ = {
			isa = PBXNativeTarget;
			buildConfigurationList = 4DDE71EB194D341700AF1FC6 /* Build configuration list for PBXNativeTarget "git_xcode" */;
			buildPhases = (
				4DDE71C4194D341700AF1FC6 /* Sources */,
				4DDE71C5194D341700AF1FC6 /* Frameworks */,
				4DDE71C6194D341700AF1FC6 /* Resources */,
			);
			buildRules = (
			);
			dependencies = (
			);
			name = git_xcode;
			productName = git_xcode;
			productReference = 4DDE71C8194D341700AF1FC6 /* git_xcode.app */;
			productType = "com.apple.product-type.application";
		};
/* End PBXNativeTarget section */

/* Begin PBXProject section */
		4DDE71C0194D341700AF1FC6 /* Project object */ = {
			isa = PBXProject;
			attributes = {
				LastUpgradeCheck = 0460;
				ORGANIZATIONNAME = mk;
			};
			buildConfigurationList = 4DDE71C3194D341700AF1FC6 /* Build configuration list for PBXProject "git_xcode" */;
			compatibilityVersion = "Xcode 3.2";
			developmentRegion = English;
			hasScannedForEncodings = 0;
			knownRegions = (
				en,
			);
			mainGroup = 4DDE71BF194D341700AF1FC6;
			productRefGroup = 4DDE71C9194D341700AF1FC6 /* Products */;
			projectDirPath = "";
			projectRoot = "";
			targets = (
				4DDE71C7194D341700AF1FC6 /* git_xcode */,
			);
		};
/* End PBXProject section */

/* Begin PBXResourcesBuildPhase section */
		4DDE71C6194D341700AF1FC6 /* Resources */ = {
			isa = PBXResourcesBuildPhase;
			buildActionMask = 2147483647;
			files = (
				4DDE71D6194D341700AF1FC6 /* InfoPlist.strings in Resources */,
				4DDE71DE194D341700AF1FC6 /* Default.png in Resources */,
				4DDE71E0194D341700AF1FC6 /* Default@2x.png in Resources */,
				4DDE71E2194D341700AF1FC6 /* Default-568h@2x.png in Resources */,
				4DDE71E5194D341700AF1FC6 /* MainStoryboard.storyboard in Resources */,
			);
			runOnlyForDeploymentPostprocessing = 0;
		};
/* End PBXResourcesBuildPhase section */

/* Begin PBXSourcesBuildPhase section */
		4DDE71C4194D341700AF1FC6 /* Sources */ = {
			isa = PBXSourcesBuildPhase;
			buildActionMask = 2147483647;
			files = (
				4DDE71D8194D341700AF1FC6 /* main.m in Sources */,
				4DDE71DC194D341700AF1FC6 /* AppDelegate.m in Sources */,
				4DDE71E8194D341700AF1FC6 /* ViewController.m in Sources */,
			);
			runOnlyForDeploymentPostprocessing = 0;
		};
/* End PBXSourcesBuildPhase section */

/* Begin PBXVariantGroup section */
		4DDE71D4194D341700AF1FC6 /* InfoPlist.strings */ = {
			isa = PBXVariantGroup;
			children = (
				4DDE71D5194D341700AF1FC6 /* en */,
			);
			name = InfoPlist.strings;
			sourceTree = "<group>";
		};
		4DDE71E3194D341700AF1FC6 /* MainStoryboard.storyboard */ = {
			isa = PBXVariantGroup;
			children = (
				4DDE71E4194D341700AF1FC6 /* en */,
			);
			name = MainStoryboard.storyboard;
			sourceTree = "<group>";
		};
/* End PBXVariantGroup section */

/* Begin XCBuildConfiguration section */
		4DDE71E9194D341700AF1FC6 /* Debug */ = {
			isa = XCBuildConfiguration;
			buildSettings = {
				ALWAYS_SEARCH_USER_PATHS = NO;
				CLANG_CXX_LANGUAGE_STANDARD = "gnu++0x";
				CLANG_CXX_LIBRARY = "libc++";
				CLANG_ENABLE_OBJC_ARC = YES;
				CLANG_WARN_CONSTANT_CONVERSION = YES;
				CLANG_WARN_EMPTY_BODY = YES;
				CLANG_WARN_ENUM_CONVERSION = YES;
				CLANG_WARN_INT_CONVERSION = YES;
				CLANG_WARN__DUPLICATE_METHOD_MATCH = YES;
				"CODE_SIGN_IDENTITY[sdk=iphoneos*]" = "iPhone Developer";
				COPY_PHASE_STRIP = NO;
				GCC_C_LANGUAGE_STANDARD = gnu99;
				GCC_DYNAMIC_NO_PIC = NO;
				GCC_OPTIMIZATION_LEVEL = 0;
				GCC_PREPROCESSOR_DEFINITIONS = (
					"DEBUG=1",
					"$(inherited)",
				);
				GCC_SYMBOLS_PRIVATE_EXTERN = NO;
				GCC_WARN_ABOUT_RETURN_TYPE = YES;
				GCC_WARN_UNINITIALIZED_AUTOS = YES;
				GCC_WARN_UNUSED_VARIABLE = YES;
				IPHONEOS_DEPLOYMENT_TARGET = 6.1;
				ONLY_ACTIVE_ARCH = YES;
				SDKROOT = iphoneos;
			};
			name = Debug;
		};
		4DDE71EA194D341700AF1FC6 /* Release */ = {
			isa = XCBuildConfiguration;
			buildSettings = {
				ALWAYS_SEARCH_USER_PATHS = NO;
				CLANG_CXX_LANGUAGE_STANDARD = "gnu++0x";
				CLANG_CXX_LIBRARY = "libc++";
				CLANG_ENABLE_OBJC_ARC = YES;
				CLANG_WARN_CONSTANT_CONVERSION = YES;
				CLANG_WARN_EMPTY_BODY = YES;
				CLANG_WARN_ENUM_CONVERSION = YES;
				CLANG_WARN_INT_CONVERSION = YES;
				CLANG_WARN__DUPLICATE_METHOD_MATCH = YES;
				"CODE_SIGN_IDENTITY[sdk=iphoneos*]" = "iPhone Developer";
				COPY_PHASE_STRIP = YES;
				GCC_C_LANGUAGE_STANDARD = gnu99;
				GCC_WARN_ABOUT_RETURN_TYPE = YES;
				GCC_WARN_UNINITIALIZED_AUTOS = YES;
				GCC_WARN_UNUSED_VARIABLE = YES;
				IPHONEOS_DEPLOYMENT_TARGET = 6.1;
				OTHER_CFLAGS = "-DNS_BLOCK_ASSERTIONS=1";
				SDKROOT = iphoneos;
				VALIDATE_PRODUCT = YES;
			};
			name = Release;
		};
		4DDE71EC194D341700AF1FC6 /* Debug */ = {
			isa = XCBuildConfiguration;
			buildSettings = {
				GCC_PRECOMPILE_PREFIX_HEADER = YES;
				GCC_PREFIX_HEADER = "git_xcode/git_xcode-Prefix.pch";
				INFOPLIST_FILE = "git_xcode/git_xcode-Info.plist";
				PRODUCT_NAME = "$(TARGET_NAME)";
				WRAPPER_EXTENSION = app;
			};
			name = Debug;
		};
		4DDE71ED194D341700AF1FC6 /* Release */ = {
			isa = XCBuildConfiguration;
			buildSettings = {
				GCC_PRECOMPILE_PREFIX_HEADER = YES;
				GCC_PREFIX_HEADER = "git_xcode/git_xcode-Prefix.pch";
				INFOPLIST_FILE = "git_xcode/git_xcode-Info.plist";
				PRODUCT_NAME = "$(TARGET_NAME)";
				WRAPPER_EXTENSION = app;
			};
			name = Release;
		};
/* End XCBuildConfiguration section */

/* Begin XCConfigurationList section */
		4DDE71C3194D341700AF1FC6 /* Build configuration list for PBXProject "git_xcode" */ = {
			isa = XCConfigurationList;
			buildConfigurations = (
				4DDE71E9194D341700AF1FC6 /* Debug */,
				4DDE71EA194D341700AF1FC6 /* Release */,
			);
			defaultConfigurationIsVisible = 0;
			defaultConfigurationName = Release;
		};
		4DDE71EB194D341700AF1FC6 /* Build configuration list for PBXNativeTarget "git_xcode" */ = {
			isa = XCConfigurationList;
			buildConfigurations = (
				4DDE71EC194D341700AF1FC6 /* Debug */,
				4DDE71ED194D341700AF1FC6 /* Release */,
			);
			defaultConfigurationIsVisible = 0;
		};
/* End XCConfigurationList section */
	};
	rootObject = 4DDE71C0194D341700AF1FC6 /* Project object */;
}
